
Microsoft Visual Studio Solution File, Format Version 12.00
# Visual Studio Version 16
VisualStudioVersion = 16.0.31424.327
MinimumVisualStudioVersion = 10.0.40219.1
Project("{2150E333-8FDC-42A3-9474-1A3956D46DE8}") = "创建型", "创建型", "{79E010CB-D463-496E-82ED-7D4CE8A07193}"
EndProject
Project("{FAE04EC0-301F-11D3-BF4B-00C04F79EFBC}") = "Console", "Console\Console.csproj", "{D83A2FD5-1F50-4F11-92F6-1A046556ADB9}"
EndProject
Global
	GlobalSection(SolutionConfigurationPlatforms) = preSolution
		Debug|Any CPU = Debug|Any CPU
		Release|Any CPU = Release|Any CPU
	EndGlobalSection
	GlobalSection(ProjectConfigurationPlatforms) = postSolution
		{D83A2FD5-1F50-4F11-92F6-1A046556ADB9}.Debug|Any CPU.ActiveCfg = Debug|Any CPU
		{D83A2FD5-1F50-4F11-92F6-1A046556ADB9}.Debug|Any CPU.Build.0 = Debug|Any CPU
		{D83A2FD5-1F50-4F11-92F6-1A046556ADB9}.Release|Any CPU.ActiveCfg = Release|Any CPU
		{D83A2FD5-1F50-4F11-92F6-1A046556ADB9}.Release|Any CPU.Build.0 = Release|Any CPU
	EndGlobalSection
	GlobalSection(SolutionProperties) = preSolution
		HideSolutionNode = FALSE
	EndGlobalSection
	GlobalSection(NestedProjects) = preSolution
		{D83A2FD5-1F50-4F11-92F6-1A046556ADB9} = {79E010CB-D463-496E-82ED-7D4CE8A07193}
	EndGlobalSection
	GlobalSection(ExtensibilityGlobals) = postSolution
		SolutionGuid = {548CF83A-BA1B-454F-9DED-72EA7F5E85FE}
	EndGlobalSection
EndGlobal
